
Microsoft Visual Studio Solution File, Format Version 12.00
# Visual Studio 15
VisualStudioVersion = 15.0.28307.329
MinimumVisualStudioVersion = 10.0.40219.1
Project("{E24C65DC-7377-472B-9ABA-BC803B73C61A}") = "Cuby The Cube(1)", "Cuby The Cube\", "{D3896300-EAF3-478A-AA69-79B65E84FD74}"
	ProjectSection(WebsiteProperties) = preProject
		TargetFrameworkMoniker = ".NETFramework,Version%3Dv4.0"
		Debug.AspNetCompiler.VirtualPath = "/localhost_52717"
		Debug.AspNetCompiler.PhysicalPath = "Cuby The Cube\"
		Debug.AspNetCompiler.TargetPath = "PrecompiledWeb\localhost_52717\"
		Debug.AspNetCompiler.Updateable = "true"
		Debug.AspNetCompiler.ForceOverwrite = "true"
		Debug.AspNetCompiler.FixedNames = "false"
		Debug.AspNetCompiler.Debug = "True"
		Release.AspNetCompiler.VirtualPath = "/localhost_52717"
		Release.AspNetCompiler.PhysicalPath = "Cuby The Cube\"
		Release.AspNetCompiler.TargetPath = "PrecompiledWeb\localhost_52717\"
		Release.AspNetCompiler.Updateable = "true"
		Release.AspNetCompiler.ForceOverwrite = "true"
		Release.AspNetCompiler.FixedNames = "false"
		Release.AspNetCompiler.Debug = "False"
		VWDPort = "52717"
		SlnRelativePath = "Cuby The Cube\"
	EndProjectSection
EndProject
Global
	GlobalSection(SolutionConfigurationPlatforms) = preSolution
		Debug|Any CPU = Debug|Any CPU
	EndGlobalSection
	GlobalSection(ProjectConfigurationPlatforms) = postSolution
		{D3896300-EAF3-478A-AA69-79B65E84FD74}.Debug|Any CPU.ActiveCfg = Debug|Any CPU
		{D3896300-EAF3-478A-AA69-79B65E84FD74}.Debug|Any CPU.Build.0 = Debug|Any CPU
	EndGlobalSection
	GlobalSection(SolutionProperties) = preSolution
		HideSolutionNode = FALSE
	EndGlobalSection
	GlobalSection(ExtensibilityGlobals) = postSolution
		SolutionGuid = {3206EA84-563D-472C-B9FF-6B89BCFEC658}
	EndGlobalSection
EndGlobal
